
Microsoft Visual Studio Solution File, Format Version 12.00
# Visual Studio Version 17
VisualStudioVersion = 17.10.35027.167
MinimumVisualStudioVersion = 10.0.40219.1
Project("{FAE04EC0-301F-11D3-BF4B-00C04F79EFBC}") = "gitapp", "gitapp\gitapp.csproj", "{E10ED228-8C47-4B13-8A89-8E23EB194EAD}"
EndProject
Global
	GlobalSection(SolutionConfigurationPlatforms) = preSolution
		Debug|Any CPU = Debug|Any CPU
		Release|Any CPU = Release|Any CPU
	EndGlobalSection
	GlobalSection(ProjectConfigurationPlatforms) = postSolution
		{E10ED228-8C47-4B13-8A89-8E23EB194EAD}.Debug|Any CPU.ActiveCfg = Debug|Any CPU
		{E10ED228-8C47-4B13-8A89-8E23EB194EAD}.Debug|Any CPU.Build.0 = Debug|Any CPU
		{E10ED228-8C47-4B13-8A89-8E23EB194EAD}.Release|Any CPU.ActiveCfg = Release|Any CPU
		{E10ED228-8C47-4B13-8A89-8E23EB194EAD}.Release|Any CPU.Build.0 = Release|Any CPU
	EndGlobalSection
	GlobalSection(SolutionProperties) = preSolution
		HideSolutionNode = FALSE
	EndGlobalSection
	GlobalSection(ExtensibilityGlobals) = postSolution
		SolutionGuid = {14541B47-C5C3-4FE7-895A-DE9869923C28}
	EndGlobalSection
EndGlobal
